// !$*UTF8*$!
{
	archiveVersion = 1;
	classes = {
	};
	objectVersion = 56;
	objects = {

/* Begin PBXBuildFile section */
		636B785929FEA7200068B1CE /* .gitignore in Resources */ = {isa = PBXBuildFile; fileRef = 636B785829FEA7200068B1CE /* .gitignore */; };
		63BB8B2C29FE9EA70034B264 /* ShareBearApp.swift in Sources */ = {isa = PBXBuildFile; fileRef = 63BB8B2B29FE9EA70034B264 /* ShareBearApp.swift */; };
		63BB8B2E29FE9EA70034B264 /* ContentView.swift in Sources */ = {isa = PBXBuildFile; fileRef = 63BB8B2D29FE9EA70034B264 /* ContentView.swift */; };
		63BB8B3029FE9EA80034B264 /* Assets.xcassets in Resources */ = {isa = PBXBuildFile; fileRef = 63BB8B2F29FE9EA80034B264 /* Assets.xcassets */; };
		63BB8B3329FE9EA80034B264 /* Preview Assets.xcassets in Resources */ = {isa = PBXBuildFile; fileRef = 63BB8B3229FE9EA80034B264 /* Preview Assets.xcassets */; };
		63BB8B3D29FEA08C0034B264 /* ScreenRecorder.swift in Sources */ = {isa = PBXBuildFile; fileRef = 63BB8B3C29FEA08C0034B264 /* ScreenRecorder.swift */; };
		63BB8B3F29FEA0A00034B264 /* CaptureEngine.swift in Sources */ = {isa = PBXBuildFile; fileRef = 63BB8B3E29FEA0A00034B264 /* CaptureEngine.swift */; };
		63BB8B4229FEA0D50034B264 /* CapturePreview.swift in Sources */ = {isa = PBXBuildFile; fileRef = 63BB8B4129FEA0D50034B264 /* CapturePreview.swift */; };
/* End PBXBuildFile section */

/* Begin PBXFileReference section */
		636B785829FEA7200068B1CE /* .gitignore */ = {isa = PBXFileReference; fileEncoding = 4; lastKnownFileType = text; path = .gitignore; sourceTree = "<group>"; };
		63BB8B2829FE9EA70034B264 /* Share Bear.app */ = {isa = PBXFileReference; explicitFileType = wrapper.application; includeInIndex = 0; path = "Share Bear.app"; sourceTree = BUILT_PRODUCTS_DIR; };
		63BB8B2B29FE9EA70034B264 /* ShareBearApp.swift */ = {isa = PBXFileReference; lastKnownFileType = sourcecode.swift; path = ShareBearApp.swift; sourceTree = "<group>"; };
		63BB8B2D29FE9EA70034B264 /* ContentView.swift */ = {isa = PBXFileReference; lastKnownFileType = sourcecode.swift; path = ContentView.swift; sourceTree = "<group>"; };
		63BB8B2F29FE9EA80034B264 /* Assets.xcassets */ = {isa = PBXFileReference; lastKnownFileType = folder.assetcatalog; path = Assets.xcassets; sourceTree = "<group>"; };
		63BB8B3229FE9EA80034B264 /* Preview Assets.xcassets */ = {isa = PBXFileReference; lastKnownFileType = folder.assetcatalog; path = "Preview Assets.xcassets"; sourceTree = "<group>"; };
		63BB8B3429FE9EA80034B264 /* ShareBear.entitlements */ = {isa = PBXFileReference; lastKnownFileType = text.plist.entitlements; path = ShareBear.entitlements; sourceTree = "<group>"; };
		63BB8B3C29FEA08C0034B264 /* ScreenRecorder.swift */ = {isa = PBXFileReference; lastKnownFileType = sourcecode.swift; path = ScreenRecorder.swift; sourceTree = "<group>"; };
		63BB8B3E29FEA0A00034B264 /* CaptureEngine.swift */ = {isa = PBXFileReference; lastKnownFileType = sourcecode.swift; path = CaptureEngine.swift; sourceTree = "<group>"; };
		63BB8B4129FEA0D50034B264 /* CapturePreview.swift */ = {isa = PBXFileReference; lastKnownFileType = sourcecode.swift; path = CapturePreview.swift; sourceTree = "<group>"; };
/* End PBXFileReference section */

/* Begin PBXFrameworksBuildPhase section */
		63BB8B2529FE9EA70034B264 /* Frameworks */ = {
			isa = PBXFrameworksBuildPhase;
			buildActionMask = 2147483647;
			files = (
			);
			runOnlyForDeploymentPostprocessing = 0;
		};
/* End PBXFrameworksBuildPhase section */

/* Begin PBXGroup section */
		63BB8B1F29FE9EA70034B264 = {
			isa = PBXGroup;
			children = (
				636B785829FEA7200068B1CE /* .gitignore */,
				63BB8B2A29FE9EA70034B264 /* ShareBear */,
				63BB8B2929FE9EA70034B264 /* Products */,
			);
			sourceTree = "<group>";
		};
		63BB8B2929FE9EA70034B264 /* Products */ = {
			isa = PBXGroup;
			children = (
				63BB8B2829FE9EA70034B264 /* Share Bear.app */,
			);
			name = Products;
			sourceTree = "<group>";
		};
		63BB8B2A29FE9EA70034B264 /* ShareBear */ = {
			isa = PBXGroup;
			children = (
				63BB8B2B29FE9EA70034B264 /* ShareBearApp.swift */,
				63BB8B2D29FE9EA70034B264 /* ContentView.swift */,
				63BB8B3C29FEA08C0034B264 /* ScreenRecorder.swift */,
				63BB8B3E29FEA0A00034B264 /* CaptureEngine.swift */,
				63BB8B4029FEA0C20034B264 /* Views */,
				63BB8B2F29FE9EA80034B264 /* Assets.xcassets */,
				63BB8B3429FE9EA80034B264 /* ShareBear.entitlements */,
				63BB8B3129FE9EA80034B264 /* Preview Content */,
			);
			path = ShareBear;
			sourceTree = "<group>";
		};
		63BB8B3129FE9EA80034B264 /* Preview Content */ = {
			isa = PBXGroup;
			children = (
				63BB8B3229FE9EA80034B264 /* Preview Assets.xcassets */,
			);
			path = "Preview Content";
			sourceTree = "<group>";
		};
		63BB8B4029FEA0C20034B264 /* Views */ = {
			isa = PBXGroup;
			children = (
				63BB8B4129FEA0D50034B264 /* CapturePreview.swift */,
			);
			path = Views;
			sourceTree = "<group>";
		};
/* End PBXGroup section */

/* Begin PBXNativeTarget section */
		63BB8B2729FE9EA70034B264 /* Share Bear */ = {
			isa = PBXNativeTarget;
			buildConfigurationList = 63BB8B3729FE9EA80034B264 /* Build configuration list for PBXNativeTarget "Share Bear" */;
			buildPhases = (
				63BB8B2429FE9EA70034B264 /* Sources */,
				63BB8B2529FE9EA70034B264 /* Frameworks */,
				63BB8B2629FE9EA70034B264 /* Resources */,
			);
			buildRules = (
			);
			dependencies = (
			);
			name = "Share Bear";
			productName = ShareBear;
			productReference = 63BB8B2829FE9EA70034B264 /* Share Bear.app */;
			productType = "com.apple.product-type.application";
		};
/* End PBXNativeTarget section */

/* Begin PBXProject section */
		63BB8B2029FE9EA70034B264 /* Project object */ = {
			isa = PBXProject;
			attributes = {
				BuildIndependentTargetsInParallel = 1;
				LastSwiftUpdateCheck = 1430;
				LastUpgradeCheck = 1430;
				TargetAttributes = {
					63BB8B2729FE9EA70034B264 = {
						CreatedOnToolsVersion = 14.3;
					};
				};
			};
			buildConfigurationList = 63BB8B2329FE9EA70034B264 /* Build configuration list for PBXProject "ShareBear" */;
			compatibilityVersion = "Xcode 14.0";
			developmentRegion = en;
			hasScannedForEncodings = 0;
			knownRegions = (
				en,
				Base,
			);
			mainGroup = 63BB8B1F29FE9EA70034B264;
			productRefGroup = 63BB8B2929FE9EA70034B264 /* Products */;
			projectDirPath = "";
			projectRoot = "";
			targets = (
				63BB8B2729FE9EA70034B264 /* Share Bear */,
			);
		};
/* End PBXProject section */

/* Begin PBXResourcesBuildPhase section */
		63BB8B2629FE9EA70034B264 /* Resources */ = {
			isa = PBXResourcesBuildPhase;
			buildActionMask = 2147483647;
			files = (
				63BB8B3329FE9EA80034B264 /* Preview Assets.xcassets in Resources */,
				636B785929FEA7200068B1CE /* .gitignore in Resources */,
				63BB8B3029FE9EA80034B264 /* Assets.xcassets in Resources */,
			);
			runOnlyForDeploymentPostprocessing = 0;
		};
/* End PBXResourcesBuildPhase section */

/* Begin PBXSourcesBuildPhase section */
		63BB8B2429FE9EA70034B264 /* Sources */ = {
			isa = PBXSourcesBuildPhase;
			buildActionMask = 2147483647;
			files = (
				63BB8B3F29FEA0A00034B264 /* CaptureEngine.swift in Sources */,
				63BB8B2E29FE9EA70034B264 /* ContentView.swift in Sources */,
				63BB8B2C29FE9EA70034B264 /* ShareBearApp.swift in Sources */,
				63BB8B4229FEA0D50034B264 /* CapturePreview.swift in Sources */,
				63BB8B3D29FEA08C0034B264 /* ScreenRecorder.swift in Sources */,
			);
			runOnlyForDeploymentPostprocessing = 0;
		};
/* End PBXSourcesBuildPhase section */

/* Begin XCBuildConfiguration section */
		63BB8B3529FE9EA80034B264 /* Debug */ = {
			isa = XCBuildConfiguration;
			buildSettings = {
				ALWAYS_SEARCH_USER_PATHS = NO;
				CLANG_ANALYZER_NONNULL = YES;
				CLANG_ANALYZER_NUMBER_OBJECT_CONVERSION = YES_AGGRESSIVE;
				CLANG_CXX_LANGUAGE_STANDARD = "gnu++20";
				CLANG_ENABLE_MODULES = YES;
				CLANG_ENABLE_OBJC_ARC = YES;
				CLANG_ENABLE_OBJC_WEAK = YES;
				CLANG_WARN_BLOCK_CAPTURE_AUTORELEASING = YES;
				CLANG_WARN_BOOL_CONVERSION = YES;
				CLANG_WARN_COMMA = YES;
				CLANG_WARN_CONSTANT_CONVERSION = YES;
				CLANG_WARN_DEPRECATED_OBJC_IMPLEMENTATIONS = YES;
				CLANG_WARN_DIRECT_OBJC_ISA_USAGE = YES_ERROR;
				CLANG_WARN_DOCUMENTATION_COMMENTS = YES;
				CLANG_WARN_EMPTY_BODY = YES;
				CLANG_WARN_ENUM_CONVERSION = YES;
				CLANG_WARN_INFINITE_RECURSION = YES;
				CLANG_WARN_INT_CONVERSION = YES;
				CLANG_WARN_NON_LITERAL_NULL_CONVERSION = YES;
				CLANG_WARN_OBJC_IMPLICIT_RETAIN_SELF = YES;
				CLANG_WARN_OBJC_LITERAL_CONVERSION = YES;
				CLANG_WARN_OBJC_ROOT_CLASS = YES_ERROR;
				CLANG_WARN_QUOTED_INCLUDE_IN_FRAMEWORK_HEADER = YES;
				CLANG_WARN_RANGE_LOOP_ANALYSIS = YES;
				CLANG_WARN_STRICT_PROTOTYPES = YES;
				CLANG_WARN_SUSPICIOUS_MOVE = YES;
				CLANG_WARN_UNGUARDED_AVAILABILITY = YES_AGGRESSIVE;
				CLANG_WARN_UNREACHABLE_CODE = YES;
				CLANG_WARN__DUPLICATE_METHOD_MATCH = YES;
				COPY_PHASE_STRIP = NO;
				DEBUG_INFORMATION_FORMAT = dwarf;
				ENABLE_STRICT_OBJC_MSGSEND = YES;
				ENABLE_TESTABILITY = YES;
				GCC_C_LANGUAGE_STANDARD = gnu11;
				GCC_DYNAMIC_NO_PIC = NO;
				GCC_NO_COMMON_BLOCKS = YES;
				GCC_OPTIMIZATION_LEVEL = 0;
				GCC_PREPROCESSOR_DEFINITIONS = (
					"DEBUG=1",
					"$(inherited)",
				);
				GCC_WARN_64_TO_32_BIT_CONVERSION = YES;
				GCC_WARN_ABOUT_RETURN_TYPE = YES_ERROR;
				GCC_WARN_UNDECLARED_SELECTOR = YES;
				GCC_WARN_UNINITIALIZED_AUTOS = YES_AGGRESSIVE;
				GCC_WARN_UNUSED_FUNCTION = YES;
				GCC_WARN_UNUSED_VARIABLE = YES;
				MACOSX_DEPLOYMENT_TARGET = 13.3;
				MTL_ENABLE_DEBUG_INFO = INCLUDE_SOURCE;
				MTL_FAST_MATH = YES;
				ONLY_ACTIVE_ARCH = YES;
				SDKROOT = macosx;
				SWIFT_ACTIVE_COMPILATION_CONDITIONS = DEBUG;
				SWIFT_OPTIMIZATION_LEVEL = "-Onone";
			};
			name = Debug;
		};
		63BB8B3629FE9EA80034B264 /* Release */ = {
			isa = XCBuildConfiguration;
			buildSettings = {
				ALWAYS_SEARCH_USER_PATHS = NO;
				CLANG_ANALYZER_NONNULL = YES;
				CLANG_ANALYZER_NUMBER_OBJECT_CONVERSION = YES_AGGRESSIVE;
				CLANG_CXX_LANGUAGE_STANDARD = "gnu++20";
				CLANG_ENABLE_MODULES = YES;
				CLANG_ENABLE_OBJC_ARC = YES;
				CLANG_ENABLE_OBJC_WEAK = YES;
				CLANG_WARN_BLOCK_CAPTURE_AUTORELEASING = YES;
				CLANG_WARN_BOOL_CONVERSION = YES;
				CLANG_WARN_COMMA = YES;
				CLANG_WARN_CONSTANT_CONVERSION = YES;
				CLANG_WARN_DEPRECATED_OBJC_IMPLEMENTATIONS = YES;
				CLANG_WARN_DIRECT_OBJC_ISA_USAGE = YES_ERROR;
				CLANG_WARN_DOCUMENTATION_COMMENTS = YES;
				CLANG_WARN_EMPTY_BODY = YES;
				CLANG_WARN_ENUM_CONVERSION = YES;
				CLANG_WARN_INFINITE_RECURSION = YES;
				CLANG_WARN_INT_CONVERSION = YES;
				CLANG_WARN_NON_LITERAL_NULL_CONVERSION = YES;
				CLANG_WARN_OBJC_IMPLICIT_RETAIN_SELF = YES;
				CLANG_WARN_OBJC_LITERAL_CONVERSION = YES;
				CLANG_WARN_OBJC_ROOT_CLASS = YES_ERROR;
				CLANG_WARN_QUOTED_INCLUDE_IN_FRAMEWORK_HEADER = YES;
				CLANG_WARN_RANGE_LOOP_ANALYSIS = YES;
				CLANG_WARN_STRICT_PROTOTYPES = YES;
				CLANG_WARN_SUSPICIOUS_MOVE = YES;
				CLANG_WARN_UNGUARDED_AVAILABILITY = YES_AGGRESSIVE;
				CLANG_WARN_UNREACHABLE_CODE = YES;
				CLANG_WARN__DUPLICATE_METHOD_MATCH = YES;
				COPY_PHASE_STRIP = NO;
				DEBUG_INFORMATION_FORMAT = "dwarf-with-dsym";
				ENABLE_NS_ASSERTIONS = NO;
				ENABLE_STRICT_OBJC_MSGSEND = YES;
				GCC_C_LANGUAGE_STANDARD = gnu11;
				GCC_NO_COMMON_BLOCKS = YES;
				GCC_WARN_64_TO_32_BIT_CONVERSION = YES;
				GCC_WARN_ABOUT_RETURN_TYPE = YES_ERROR;
				GCC_WARN_UNDECLARED_SELECTOR = YES;
				GCC_WARN_UNINITIALIZED_AUTOS = YES_AGGRESSIVE;
				GCC_WARN_UNUSED_FUNCTION = YES;
				GCC_WARN_UNUSED_VARIABLE = YES;
				MACOSX_DEPLOYMENT_TARGET = 13.3;
				MTL_ENABLE_DEBUG_INFO = NO;
				MTL_FAST_MATH = YES;
				SDKROOT = macosx;
				SWIFT_COMPILATION_MODE = wholemodule;
				SWIFT_OPTIMIZATION_LEVEL = "-O";
			};
			name = Release;
		};
		63BB8B3829FE9EA80034B264 /* Debug */ = {
			isa = XCBuildConfiguration;
			buildSettings = {
				ASSETCATALOG_COMPILER_APPICON_NAME = AppIcon;
				ASSETCATALOG_COMPILER_GLOBAL_ACCENT_COLOR_NAME = AccentColor;
				CODE_SIGN_ENTITLEMENTS = ShareBear/ShareBear.entitlements;
				CODE_SIGN_STYLE = Automatic;
				COMBINE_HIDPI_IMAGES = YES;
				CURRENT_PROJECT_VERSION = 1;
				DEVELOPMENT_ASSET_PATHS = "\"ShareBear/Preview Content\"";
				DEVELOPMENT_TEAM = THW398H74P;
				ENABLE_HARDENED_RUNTIME = YES;
				ENABLE_PREVIEWS = YES;
				GENERATE_INFOPLIST_FILE = YES;
				INFOPLIST_KEY_NSHumanReadableCopyright = "";
				LD_RUNPATH_SEARCH_PATHS = (
					"$(inherited)",
					"@executable_path/../Frameworks",
				);
				MARKETING_VERSION = 1.0;
				PRODUCT_BUNDLE_IDENTIFIER = "david-aurel.ShareBear";
				PRODUCT_NAME = "$(TARGET_NAME)";
				SWIFT_EMIT_LOC_STRINGS = YES;
				SWIFT_VERSION = 5.0;
			};
			name = Debug;
		};
		63BB8B3929FE9EA80034B264 /* Release */ = {
			isa = XCBuildConfiguration;
			buildSettings = {
				ASSETCATALOG_COMPILER_APPICON_NAME = AppIcon;
				ASSETCATALOG_COMPILER_GLOBAL_ACCENT_COLOR_NAME = AccentColor;
				CODE_SIGN_ENTITLEMENTS = ShareBear/ShareBear.entitlements;
				CODE_SIGN_STYLE = Automatic;
				COMBINE_HIDPI_IMAGES = YES;
				CURRENT_PROJECT_VERSION = 1;
				DEVELOPMENT_ASSET_PATHS = "\"ShareBear/Preview Content\"";
				DEVELOPMENT_TEAM = THW398H74P;
				ENABLE_HARDENED_RUNTIME = YES;
				ENABLE_PREVIEWS = YES;
				GENERATE_INFOPLIST_FILE = YES;
				INFOPLIST_KEY_NSHumanReadableCopyright = "";
				LD_RUNPATH_SEARCH_PATHS = (
					"$(inherited)",
					"@executable_path/../Frameworks",
				);
				MARKETING_VERSION = 1.0;
				PRODUCT_BUNDLE_IDENTIFIER = "david-aurel.ShareBear";
				PRODUCT_NAME = "$(TARGET_NAME)";
				SWIFT_EMIT_LOC_STRINGS = YES;
				SWIFT_VERSION = 5.0;
			};
			name = Release;
		};
/* End XCBuildConfiguration section */

/* Begin XCConfigurationList section */
		63BB8B2329FE9EA70034B264 /* Build configuration list for PBXProject "ShareBear" */ = {
			isa = XCConfigurationList;
			buildConfigurations = (
				63BB8B3529FE9EA80034B264 /* Debug */,
				63BB8B3629FE9EA80034B264 /* Release */,
			);
			defaultConfigurationIsVisible = 0;
			defaultConfigurationName = Release;
		};
		63BB8B3729FE9EA80034B264 /* Build configuration list for PBXNativeTarget "Share Bear" */ = {
			isa = XCConfigurationList;
			buildConfigurations = (
				63BB8B3829FE9EA80034B264 /* Debug */,
				63BB8B3929FE9EA80034B264 /* Release */,
			);
			defaultConfigurationIsVisible = 0;
			defaultConfigurationName = Release;
		};
/* End XCConfigurationList section */
	};
	rootObject = 63BB8B2029FE9EA70034B264 /* Project object */;
}
